// !$*UTF8*$!
{
	archiveVersion = 1;
	classes = {
	};
	objectVersion = 77;
	objects = {

/* Begin PBXBuildFile section */
		0ECE032F2EFE443100F54190 /* README.md in Sources */ = {isa = PBXBuildFile; fileRef = 0ECE032D2EFE442A00F54190 /* README.md */; };
/* End PBXBuildFile section */

/* Begin PBXContainerItemProxy section */
		0ECE03112EFE42C600F54190 /* PBXContainerItemProxy */ = {
			isa = PBXContainerItemProxy;
			containerPortal = 0ECE02F92EFE42C200F54190 /* Project object */;
			proxyType = 1;
			remoteGlobalIDString = 0ECE03002EFE42C200F54190;
			remoteInfo = "cpu-os-analytics";
		};
		0ECE031B2EFE42C600F54190 /* PBXContainerItemProxy */ = {
			isa = PBXContainerItemProxy;
			containerPortal = 0ECE02F92EFE42C200F54190 /* Project object */;
			proxyType = 1;
			remoteGlobalIDString = 0ECE03002EFE42C200F54190;
			remoteInfo = "cpu-os-analytics";
		};
/* End PBXContainerItemProxy section */

/* Begin PBXFileReference section */
		0ECE03012EFE42C200F54190 /* cpu-os-analytics.app */ = {isa = PBXFileReference; explicitFileType = wrapper.application; includeInIndex = 0; path = "cpu-os-analytics.app"; sourceTree = BUILT_PRODUCTS_DIR; };
		0ECE03102EFE42C600F54190 /* cpu-os-analyticsTests.xctest */ = {isa = PBXFileReference; explicitFileType = wrapper.cfbundle; includeInIndex = 0; path = "cpu-os-analyticsTests.xctest"; sourceTree = BUILT_PRODUCTS_DIR; };
		0ECE031A2EFE42C600F54190 /* cpu-os-analyticsUITests.xctest */ = {isa = PBXFileReference; explicitFileType = wrapper.cfbundle; includeInIndex = 0; path = "cpu-os-analyticsUITests.xctest"; sourceTree = BUILT_PRODUCTS_DIR; };
		0ECE032D2EFE442A00F54190 /* README.md */ = {isa = PBXFileReference; lastKnownFileType = net.daringfireball.markdown; path = README.md; sourceTree = "<group>"; };
/* End PBXFileReference section */

/* Begin PBXFileSystemSynchronizedRootGroup section */
		0ECE03032EFE42C200F54190 /* cpu-os-analytics */ = {
			isa = PBXFileSystemSynchronizedRootGroup;
			path = "cpu-os-analytics";
			sourceTree = "<group>";
		};
		0ECE03132EFE42C600F54190 /* cpu-os-analyticsTests */ = {
			isa = PBXFileSystemSynchronizedRootGroup;
			path = "cpu-os-analyticsTests";
			sourceTree = "<group>";
		};
		0ECE031D2EFE42C600F54190 /* cpu-os-analyticsUITests */ = {
			isa = PBXFileSystemSynchronizedRootGroup;
			path = "cpu-os-analyticsUITests";
			sourceTree = "<group>";
		};
/* End PBXFileSystemSynchronizedRootGroup section */

/* Begin PBXFrameworksBuildPhase section */
		0ECE02FE2EFE42C200F54190 /* Frameworks */ = {
			isa = PBXFrameworksBuildPhase;
			buildActionMask = 2147483647;
			files = (
			);
			runOnlyForDeploymentPostprocessing = 0;
		};
		0ECE030D2EFE42C600F54190 /* Frameworks */ = {
			isa = PBXFrameworksBuildPhase;
			buildActionMask = 2147483647;
			files = (
			);
			runOnlyForDeploymentPostprocessing = 0;
		};
		0ECE03172EFE42C600F54190 /* Frameworks */ = {
			isa = PBXFrameworksBuildPhase;
			buildActionMask = 2147483647;
			files = (
			);
			runOnlyForDeploymentPostprocessing = 0;
		};
/* End PBXFrameworksBuildPhase section */

/* Begin PBXGroup section */
		0ECE02F82EFE42C200F54190 = {
			isa = PBXGroup;
			children = (
				0ECE03032EFE42C200F54190 /* cpu-os-analytics */,
				0ECE03132EFE42C600F54190 /* cpu-os-analyticsTests */,
				0ECE031D2EFE42C600F54190 /* cpu-os-analyticsUITests */,
				0ECE03022EFE42C200F54190 /* Products */,
				0ECE032D2EFE442A00F54190 /* README.md */,
			);
			sourceTree = "<group>";
		};
		0ECE03022EFE42C200F54190 /* Products */ = {
			isa = PBXGroup;
			children = (
				0ECE03012EFE42C200F54190 /* cpu-os-analytics.app */,
				0ECE03102EFE42C600F54190 /* cpu-os-analyticsTests.xctest */,
				0ECE031A2EFE42C600F54190 /* cpu-os-analyticsUITests.xctest */,
			);
			name = Products;
			sourceTree = "<group>";
		};
/* End PBXGroup section */

/* Begin PBXNativeTarget section */
		0ECE03002EFE42C200F54190 /* cpu-os-analytics */ = {
			isa = PBXNativeTarget;
			buildConfigurationList = 0ECE03242EFE42C600F54190 /* Build configuration list for PBXNativeTarget "cpu-os-analytics" */;
			buildPhases = (
				0ECE02FD2EFE42C200F54190 /* Sources */,
				0ECE02FE2EFE42C200F54190 /* Frameworks */,
				0ECE02FF2EFE42C200F54190 /* Resources */,
			);
			buildRules = (
			);
			dependencies = (
			);
			fileSystemSynchronizedGroups = (
				0ECE03032EFE42C200F54190 /* cpu-os-analytics */,
			);
			name = "cpu-os-analytics";
			packageProductDependencies = (
			);
			productName = "cpu-os-analytics";
			productReference = 0ECE03012EFE42C200F54190 /* cpu-os-analytics.app */;
			productType = "com.apple.product-type.application";
		};
		0ECE030F2EFE42C600F54190 /* cpu-os-analyticsTests */ = {
			isa = PBXNativeTarget;
			buildConfigurationList = 0ECE03272EFE42C600F54190 /* Build configuration list for PBXNativeTarget "cpu-os-analyticsTests" */;
			buildPhases = (
				0ECE030C2EFE42C600F54190 /* Sources */,
				0ECE030D2EFE42C600F54190 /* Frameworks */,
				0ECE030E2EFE42C600F54190 /* Resources */,
			);
			buildRules = (
			);
			dependencies = (
				0ECE03122EFE42C600F54190 /* PBXTargetDependency */,
			);
			fileSystemSynchronizedGroups = (
				0ECE03132EFE42C600F54190 /* cpu-os-analyticsTests */,
			);
			name = "cpu-os-analyticsTests";
			packageProductDependencies = (
			);
			productName = "cpu-os-analyticsTests";
			productReference = 0ECE03102EFE42C600F54190 /* cpu-os-analyticsTests.xctest */;
			productType = "com.apple.product-type.bundle.unit-test";
		};
		0ECE03192EFE42C600F54190 /* cpu-os-analyticsUITests */ = {
			isa = PBXNativeTarget;
			buildConfigurationList = 0ECE032A2EFE42C600F54190 /* Build configuration list for PBXNativeTarget "cpu-os-analyticsUITests" */;
			buildPhases = (
				0ECE03162EFE42C600F54190 /* Sources */,
				0ECE03172EFE42C600F54190 /* Frameworks */,
				0ECE03182EFE42C600F54190 /* Resources */,
			);
			buildRules = (
			);
			dependencies = (
				0ECE031C2EFE42C600F54190 /* PBXTargetDependency */,
			);
			fileSystemSynchronizedGroups = (
				0ECE031D2EFE42C600F54190 /* cpu-os-analyticsUITests */,
			);
			name = "cpu-os-analyticsUITests";
			packageProductDependencies = (
			);
			productName = "cpu-os-analyticsUITests";
			productReference = 0ECE031A2EFE42C600F54190 /* cpu-os-analyticsUITests.xctest */;
			productType = "com.apple.product-type.bundle.ui-testing";
		};
/* End PBXNativeTarget section */

/* Begin PBXProject section */
		0ECE02F92EFE42C200F54190 /* Project object */ = {
			isa = PBXProject;
			attributes = {
				BuildIndependentTargetsInParallel = 1;
				LastSwiftUpdateCheck = 2610;
				LastUpgradeCheck = 2610;
				TargetAttributes = {
					0ECE03002EFE42C200F54190 = {
						CreatedOnToolsVersion = 26.1;
					};
					0ECE030F2EFE42C600F54190 = {
						CreatedOnToolsVersion = 26.1;
						TestTargetID = 0ECE03002EFE42C200F54190;
					};
					0ECE03192EFE42C600F54190 = {
						CreatedOnToolsVersion = 26.1;
						TestTargetID = 0ECE03002EFE42C200F54190;
					};
				};
			};
			buildConfigurationList = 0ECE02FC2EFE42C200F54190 /* Build configuration list for PBXProject "cpu-os-analytics" */;
			developmentRegion = en;
			hasScannedForEncodings = 0;
			knownRegions = (
				en,
				Base,
			);
			mainGroup = 0ECE02F82EFE42C200F54190;
			minimizedProjectReferenceProxies = 1;
			preferredProjectObjectVersion = 77;
			productRefGroup = 0ECE03022EFE42C200F54190 /* Products */;
			projectDirPath = "";
			projectRoot = "";
			targets = (
				0ECE03002EFE42C200F54190 /* cpu-os-analytics */,
				0ECE030F2EFE42C600F54190 /* cpu-os-analyticsTests */,
				0ECE03192EFE42C600F54190 /* cpu-os-analyticsUITests */,
			);
		};
/* End PBXProject section */

/* Begin PBXResourcesBuildPhase section */
		0ECE02FF2EFE42C200F54190 /* Resources */ = {
			isa = PBXResourcesBuildPhase;
			buildActionMask = 2147483647;
			files = (
			);
			runOnlyForDeploymentPostprocessing = 0;
		};
		0ECE030E2EFE42C600F54190 /* Resources */ = {
			isa = PBXResourcesBuildPhase;
			buildActionMask = 2147483647;
			files = (
			);
			runOnlyForDeploymentPostprocessing = 0;
		};
		0ECE03182EFE42C600F54190 /* Resources */ = {
			isa = PBXResourcesBuildPhase;
			buildActionMask = 2147483647;
			files = (
			);
			runOnlyForDeploymentPostprocessing = 0;
		};
/* End PBXResourcesBuildPhase section */

/* Begin PBXSourcesBuildPhase section */
		0ECE02FD2EFE42C200F54190 /* Sources */ = {
			isa = PBXSourcesBuildPhase;
			buildActionMask = 2147483647;
			files = (
				0ECE032F2EFE443100F54190 /* README.md in Sources */,
			);
			runOnlyForDeploymentPostprocessing = 0;
		};
		0ECE030C2EFE42C600F54190 /* Sources */ = {
			isa = PBXSourcesBuildPhase;
			buildActionMask = 2147483647;
			files = (
			);
			runOnlyForDeploymentPostprocessing = 0;
		};
		0ECE03162EFE42C600F54190 /* Sources */ = {
			isa = PBXSourcesBuildPhase;
			buildActionMask = 2147483647;
			files = (
			);
			runOnlyForDeploymentPostprocessing = 0;
		};
/* End PBXSourcesBuildPhase section */

/* Begin PBXTargetDependency section */
		0ECE03122EFE42C600F54190 /* PBXTargetDependency */ = {
			isa = PBXTargetDependency;
			target = 0ECE03002EFE42C200F54190 /* cpu-os-analytics */;
			targetProxy = 0ECE03112EFE42C600F54190 /* PBXContainerItemProxy */;
		};
		0ECE031C2EFE42C600F54190 /* PBXTargetDependency */ = {
			isa = PBXTargetDependency;
			target = 0ECE03002EFE42C200F54190 /* cpu-os-analytics */;
			targetProxy = 0ECE031B2EFE42C600F54190 /* PBXContainerItemProxy */;
		};
/* End PBXTargetDependency section */

/* Begin XCBuildConfiguration section */
		0ECE03222EFE42C600F54190 /* Debug */ = {
			isa = XCBuildConfiguration;
			buildSettings = {
				ALWAYS_SEARCH_USER_PATHS = NO;
				ASSETCATALOG_COMPILER_GENERATE_SWIFT_ASSET_SYMBOL_EXTENSIONS = YES;
				CLANG_ANALYZER_NONNULL = YES;
				CLANG_ANALYZER_NUMBER_OBJECT_CONVERSION = YES_AGGRESSIVE;
				CLANG_CXX_LANGUAGE_STANDARD = "gnu++20";
				CLANG_ENABLE_MODULES = YES;
				CLANG_ENABLE_OBJC_ARC = YES;
				CLANG_ENABLE_OBJC_WEAK = YES;
				CLANG_WARN_BLOCK_CAPTURE_AUTORELEASING = YES;
				CLANG_WARN_BOOL_CONVERSION = YES;
				CLANG_WARN_COMMA = YES;
				CLANG_WARN_CONSTANT_CONVERSION = YES;
				CLANG_WARN_DEPRECATED_OBJC_IMPLEMENTATIONS = YES;
				CLANG_WARN_DIRECT_OBJC_ISA_USAGE = YES_ERROR;
				CLANG_WARN_DOCUMENTATION_COMMENTS = YES;
				CLANG_WARN_EMPTY_BODY = YES;
				CLANG_WARN_ENUM_CONVERSION = YES;
				CLANG_WARN_INFINITE_RECURSION = YES;
				CLANG_WARN_INT_CONVERSION = YES;
				CLANG_WARN_NON_LITERAL_NULL_CONVERSION = YES;
				CLANG_WARN_OBJC_IMPLICIT_RETAIN_SELF = YES;
				CLANG_WARN_OBJC_LITERAL_CONVERSION = YES;
				CLANG_WARN_OBJC_ROOT_CLASS = YES_ERROR;
				CLANG_WARN_QUOTED_INCLUDE_IN_FRAMEWORK_HEADER = YES;
				CLANG_WARN_RANGE_LOOP_ANALYSIS = YES;
				CLANG_WARN_STRICT_PROTOTYPES = YES;
				CLANG_WARN_SUSPICIOUS_MOVE = YES;
				CLANG_WARN_UNGUARDED_AVAILABILITY = YES_AGGRESSIVE;
				CLANG_WARN_UNREACHABLE_CODE = YES;
				CLANG_WARN__DUPLICATE_METHOD_MATCH = YES;
				COPY_PHASE_STRIP = NO;
				DEBUG_INFORMATION_FORMAT = dwarf;
				ENABLE_STRICT_OBJC_MSGSEND = YES;
				ENABLE_TESTABILITY = YES;
				ENABLE_USER_SCRIPT_SANDBOXING = YES;
				GCC_C_LANGUAGE_STANDARD = gnu17;
				GCC_DYNAMIC_NO_PIC = NO;
				GCC_NO_COMMON_BLOCKS = YES;
				GCC_OPTIMIZATION_LEVEL = 0;
				GCC_PREPROCESSOR_DEFINITIONS = (
					"DEBUG=1",
					"$(inherited)",
				);
				GCC_WARN_64_TO_32_BIT_CONVERSION = YES;
				GCC_WARN_ABOUT_RETURN_TYPE = YES_ERROR;
				GCC_WARN_UNDECLARED_SELECTOR = YES;
				GCC_WARN_UNINITIALIZED_AUTOS = YES_AGGRESSIVE;
				GCC_WARN_UNUSED_FUNCTION = YES;
				GCC_WARN_UNUSED_VARIABLE = YES;
				LOCALIZATION_PREFERS_STRING_CATALOGS = YES;
				MACOSX_DEPLOYMENT_TARGET = 15.6;
				MTL_ENABLE_DEBUG_INFO = INCLUDE_SOURCE;
				MTL_FAST_MATH = YES;
				ONLY_ACTIVE_ARCH = YES;
				SDKROOT = macosx;
				SWIFT_ACTIVE_COMPILATION_CONDITIONS = "DEBUG $(inherited)";
				SWIFT_OPTIMIZATION_LEVEL = "-Onone";
			};
			name = Debug;
		};
		0ECE03232EFE42C600F54190 /* Release */ = {
			isa = XCBuildConfiguration;
			buildSettings = {
				ALWAYS_SEARCH_USER_PATHS = NO;
				ASSETCATALOG_COMPILER_GENERATE_SWIFT_ASSET_SYMBOL_EXTENSIONS = YES;
				CLANG_ANALYZER_NONNULL = YES;
				CLANG_ANALYZER_NUMBER_OBJECT_CONVERSION = YES_AGGRESSIVE;
				CLANG_CXX_LANGUAGE_STANDARD = "gnu++20";
				CLANG_ENABLE_MODULES = YES;
				CLANG_ENABLE_OBJC_ARC = YES;
				CLANG_ENABLE_OBJC_WEAK = YES;
				CLANG_WARN_BLOCK_CAPTURE_AUTORELEASING = YES;
				CLANG_WARN_BOOL_CONVERSION = YES;
				CLANG_WARN_COMMA = YES;
				CLANG_WARN_CONSTANT_CONVERSION = YES;
				CLANG_WARN_DEPRECATED_OBJC_IMPLEMENTATIONS = YES;
				CLANG_WARN_DIRECT_OBJC_ISA_USAGE = YES_ERROR;
				CLANG_WARN_DOCUMENTATION_COMMENTS = YES;
				CLANG_WARN_EMPTY_BODY = YES;
				CLANG_WARN_ENUM_CONVERSION = YES;
				CLANG_WARN_INFINITE_RECURSION = YES;
				CLANG_WARN_INT_CONVERSION = YES;
				CLANG_WARN_NON_LITERAL_NULL_CONVERSION = YES;
				CLANG_WARN_OBJC_IMPLICIT_RETAIN_SELF = YES;
				CLANG_WARN_OBJC_LITERAL_CONVERSION = YES;
				CLANG_WARN_OBJC_ROOT_CLASS = YES_ERROR;
				CLANG_WARN_QUOTED_INCLUDE_IN_FRAMEWORK_HEADER = YES;
				CLANG_WARN_RANGE_LOOP_ANALYSIS = YES;
				CLANG_WARN_STRICT_PROTOTYPES = YES;
				CLANG_WARN_SUSPICIOUS_MOVE = YES;
				CLANG_WARN_UNGUARDED_AVAILABILITY = YES_AGGRESSIVE;
				CLANG_WARN_UNREACHABLE_CODE = YES;
				CLANG_WARN__DUPLICATE_METHOD_MATCH = YES;
				COPY_PHASE_STRIP = NO;
				DEBUG_INFORMATION_FORMAT = "dwarf-with-dsym";
				ENABLE_NS_ASSERTIONS = NO;
				ENABLE_STRICT_OBJC_MSGSEND = YES;
				ENABLE_USER_SCRIPT_SANDBOXING = YES;
				GCC_C_LANGUAGE_STANDARD = gnu17;
				GCC_NO_COMMON_BLOCKS = YES;
				GCC_WARN_64_TO_32_BIT_CONVERSION = YES;
				GCC_WARN_ABOUT_RETURN_TYPE = YES_ERROR;
				GCC_WARN_UNDECLARED_SELECTOR = YES;
				GCC_WARN_UNINITIALIZED_AUTOS = YES_AGGRESSIVE;
				GCC_WARN_UNUSED_FUNCTION = YES;
				GCC_WARN_UNUSED_VARIABLE = YES;
				LOCALIZATION_PREFERS_STRING_CATALOGS = YES;
				MACOSX_DEPLOYMENT_TARGET = 15.6;
				MTL_ENABLE_DEBUG_INFO = NO;
				MTL_FAST_MATH = YES;
				SDKROOT = macosx;
				SWIFT_COMPILATION_MODE = wholemodule;
			};
			name = Release;
		};
		0ECE03252EFE42C600F54190 /* Debug */ = {
			isa = XCBuildConfiguration;
			buildSettings = {
				ASSETCATALOG_COMPILER_APPICON_NAME = AppIcon;
				ASSETCATALOG_COMPILER_GLOBAL_ACCENT_COLOR_NAME = AccentColor;
				CODE_SIGN_STYLE = Automatic;
				COMBINE_HIDPI_IMAGES = YES;
				CURRENT_PROJECT_VERSION = 1;
				ENABLE_APP_SANDBOX = YES;
				ENABLE_PREVIEWS = YES;
				ENABLE_USER_SELECTED_FILES = readonly;
				GENERATE_INFOPLIST_FILE = YES;
				INFOPLIST_KEY_NSHumanReadableCopyright = "";
				LD_RUNPATH_SEARCH_PATHS = (
					"$(inherited)",
					"@executable_path/../Frameworks",
				);
				MARKETING_VERSION = 1.0;
				PRODUCT_BUNDLE_IDENTIFIER = "com.chris.cpu-os-analytics";
				PRODUCT_NAME = "$(TARGET_NAME)";
				REGISTER_APP_GROUPS = YES;
				STRING_CATALOG_GENERATE_SYMBOLS = YES;
				SWIFT_APPROACHABLE_CONCURRENCY = YES;
				SWIFT_DEFAULT_ACTOR_ISOLATION = MainActor;
				SWIFT_EMIT_LOC_STRINGS = YES;
				SWIFT_UPCOMING_FEATURE_MEMBER_IMPORT_VISIBILITY = YES;
				SWIFT_VERSION = 5.0;
			};
			name = Debug;
		};
		0ECE03262EFE42C600F54190 /* Release */ = {
			isa = XCBuildConfiguration;
			buildSettings = {
				ASSETCATALOG_COMPILER_APPICON_NAME = AppIcon;
				ASSETCATALOG_COMPILER_GLOBAL_ACCENT_COLOR_NAME = AccentColor;
				CODE_SIGN_STYLE = Automatic;
				COMBINE_HIDPI_IMAGES = YES;
				CURRENT_PROJECT_VERSION = 1;
				ENABLE_APP_SANDBOX = YES;
				ENABLE_PREVIEWS = YES;
				ENABLE_USER_SELECTED_FILES = readonly;
				GENERATE_INFOPLIST_FILE = YES;
				INFOPLIST_KEY_NSHumanReadableCopyright = "";
				LD_RUNPATH_SEARCH_PATHS = (
					"$(inherited)",
					"@executable_path/../Frameworks",
				);
				MARKETING_VERSION = 1.0;
				PRODUCT_BUNDLE_IDENTIFIER = "com.chris.cpu-os-analytics";
				PRODUCT_NAME = "$(TARGET_NAME)";
				REGISTER_APP_GROUPS = YES;
				STRING_CATALOG_GENERATE_SYMBOLS = YES;
				SWIFT_APPROACHABLE_CONCURRENCY = YES;
				SWIFT_DEFAULT_ACTOR_ISOLATION = MainActor;
				SWIFT_EMIT_LOC_STRINGS = YES;
				SWIFT_UPCOMING_FEATURE_MEMBER_IMPORT_VISIBILITY = YES;
				SWIFT_VERSION = 5.0;
			};
			name = Release;
		};
		0ECE03282EFE42C600F54190 /* Debug */ = {
			isa = XCBuildConfiguration;
			buildSettings = {
				BUNDLE_LOADER = "$(TEST_HOST)";
				CODE_SIGN_STYLE = Automatic;
				CURRENT_PROJECT_VERSION = 1;
				GENERATE_INFOPLIST_FILE = YES;
				MACOSX_DEPLOYMENT_TARGET = 15.6;
				MARKETING_VERSION = 1.0;
				PRODUCT_BUNDLE_IDENTIFIER = "com.chris.cpu-os-analyticsTests";
				PRODUCT_NAME = "$(TARGET_NAME)";
				STRING_CATALOG_GENERATE_SYMBOLS = NO;
				SWIFT_APPROACHABLE_CONCURRENCY = YES;
				SWIFT_EMIT_LOC_STRINGS = NO;
				SWIFT_UPCOMING_FEATURE_MEMBER_IMPORT_VISIBILITY = YES;
				SWIFT_VERSION = 5.0;
				TEST_HOST = "$(BUILT_PRODUCTS_DIR)/cpu-os-analytics.app/$(BUNDLE_EXECUTABLE_FOLDER_PATH)/cpu-os-analytics";
			};
			name = Debug;
		};
		0ECE03292EFE42C600F54190 /* Release */ = {
			isa = XCBuildConfiguration;
			buildSettings = {
				BUNDLE_LOADER = "$(TEST_HOST)";
				CODE_SIGN_STYLE = Automatic;
				CURRENT_PROJECT_VERSION = 1;
				GENERATE_INFOPLIST_FILE = YES;
				MACOSX_DEPLOYMENT_TARGET = 15.6;
				MARKETING_VERSION = 1.0;
				PRODUCT_BUNDLE_IDENTIFIER = "com.chris.cpu-os-analyticsTests";
				PRODUCT_NAME = "$(TARGET_NAME)";
				STRING_CATALOG_GENERATE_SYMBOLS = NO;
				SWIFT_APPROACHABLE_CONCURRENCY = YES;
				SWIFT_EMIT_LOC_STRINGS = NO;
				SWIFT_UPCOMING_FEATURE_MEMBER_IMPORT_VISIBILITY = YES;
				SWIFT_VERSION = 5.0;
				TEST_HOST = "$(BUILT_PRODUCTS_DIR)/cpu-os-analytics.app/$(BUNDLE_EXECUTABLE_FOLDER_PATH)/cpu-os-analytics";
			};
			name = Release;
		};
		0ECE032B2EFE42C600F54190 /* Debug */ = {
			isa = XCBuildConfiguration;
			buildSettings = {
				CODE_SIGN_STYLE = Automatic;
				CURRENT_PROJECT_VERSION = 1;
				GENERATE_INFOPLIST_FILE = YES;
				MARKETING_VERSION = 1.0;
				PRODUCT_BUNDLE_IDENTIFIER = "com.chris.cpu-os-analyticsUITests";
				PRODUCT_NAME = "$(TARGET_NAME)";
				STRING_CATALOG_GENERATE_SYMBOLS = NO;
				SWIFT_APPROACHABLE_CONCURRENCY = YES;
				SWIFT_EMIT_LOC_STRINGS = NO;
				SWIFT_UPCOMING_FEATURE_MEMBER_IMPORT_VISIBILITY = YES;
				SWIFT_VERSION = 5.0;
				TEST_TARGET_NAME = "cpu-os-analytics";
			};
			name = Debug;
		};
		0ECE032C2EFE42C600F54190 /* Release */ = {
			isa = XCBuildConfiguration;
			buildSettings = {
				CODE_SIGN_STYLE = Automatic;
				CURRENT_PROJECT_VERSION = 1;
				GENERATE_INFOPLIST_FILE = YES;
				MARKETING_VERSION = 1.0;
				PRODUCT_BUNDLE_IDENTIFIER = "com.chris.cpu-os-analyticsUITests";
				PRODUCT_NAME = "$(TARGET_NAME)";
				STRING_CATALOG_GENERATE_SYMBOLS = NO;
				SWIFT_APPROACHABLE_CONCURRENCY = YES;
				SWIFT_EMIT_LOC_STRINGS = NO;
				SWIFT_UPCOMING_FEATURE_MEMBER_IMPORT_VISIBILITY = YES;
				SWIFT_VERSION = 5.0;
				TEST_TARGET_NAME = "cpu-os-analytics";
			};
			name = Release;
		};
/* End XCBuildConfiguration section */

/* Begin XCConfigurationList section */
		0ECE02FC2EFE42C200F54190 /* Build configuration list for PBXProject "cpu-os-analytics" */ = {
			isa = XCConfigurationList;
			buildConfigurations = (
				0ECE03222EFE42C600F54190 /* Debug */,
				0ECE03232EFE42C600F54190 /* Release */,
			);
			defaultConfigurationIsVisible = 0;
			defaultConfigurationName = Release;
		};
		0ECE03242EFE42C600F54190 /* Build configuration list for PBXNativeTarget "cpu-os-analytics" */ = {
			isa = XCConfigurationList;
			buildConfigurations = (
				0ECE03252EFE42C600F54190 /* Debug */,
				0ECE03262EFE42C600F54190 /* Release */,
			);
			defaultConfigurationIsVisible = 0;
			defaultConfigurationName = Release;
		};
		0ECE03272EFE42C600F54190 /* Build configuration list for PBXNativeTarget "cpu-os-analyticsTests" */ = {
			isa = XCConfigurationList;
			buildConfigurations = (
				0ECE03282EFE42C600F54190 /* Debug */,
				0ECE03292EFE42C600F54190 /* Release */,
			);
			defaultConfigurationIsVisible = 0;
			defaultConfigurationName = Release;
		};
		0ECE032A2EFE42C600F54190 /* Build configuration list for PBXNativeTarget "cpu-os-analyticsUITests" */ = {
			isa = XCConfigurationList;
			buildConfigurations = (
				0ECE032B2EFE42C600F54190 /* Debug */,
				0ECE032C2EFE42C600F54190 /* Release */,
			);
			defaultConfigurationIsVisible = 0;
			defaultConfigurationName = Release;
		};
/* End XCConfigurationList section */
	};
	rootObject = 0ECE02F92EFE42C200F54190 /* Project object */;
}
